
Microsoft Visual Studio Solution File, Format Version 12.00
# Visual Studio Version 16
VisualStudioVersion = 16.0.30804.86
MinimumVisualStudioVersion = 10.0.40219.1
Project("{9A19103F-16F7-4668-BE54-9A1E7A4F7556}") = "osu.Server.QueueProcessor", "osu.Server.QueueProcessor\osu.Server.QueueProcessor.csproj", "{2601BC23-DAD3-46CA-861B-5D2386631939}"
EndProject
Project("{9A19103F-16F7-4668-BE54-9A1E7A4F7556}") = "osu.Server.QueueProcessor.Tests", "osu.Server.QueueProcessor.Tests\osu.Server.QueueProcessor.Tests.csproj", "{844442F7-C058-42A6-9217-433D9663C9F6}"
EndProject
Global
	GlobalSection(SolutionConfigurationPlatforms) = preSolution
		Debug|Any CPU = Debug|Any CPU
		Release|Any CPU = Release|Any CPU
	EndGlobalSection
	GlobalSection(ProjectConfigurationPlatforms) = postSolution
		{2601BC23-DAD3-46CA-861B-5D2386631939}.Debug|Any CPU.ActiveCfg = Debug|Any CPU
		{2601BC23-DAD3-46CA-861B-5D2386631939}.Debug|Any CPU.Build.0 = Debug|Any CPU
		{2601BC23-DAD3-46CA-861B-5D2386631939}.Release|Any CPU.ActiveCfg = Release|Any CPU
		{2601BC23-DAD3-46CA-861B-5D2386631939}.Release|Any CPU.Build.0 = Release|Any CPU
		{844442F7-C058-42A6-9217-433D9663C9F6}.Debug|Any CPU.ActiveCfg = Debug|Any CPU
		{844442F7-C058-42A6-9217-433D9663C9F6}.Debug|Any CPU.Build.0 = Debug|Any CPU
		{844442F7-C058-42A6-9217-433D9663C9F6}.Release|Any CPU.ActiveCfg = Release|Any CPU
		{844442F7-C058-42A6-9217-433D9663C9F6}.Release|Any CPU.Build.0 = Release|Any CPU
	EndGlobalSection
	GlobalSection(SolutionProperties) = preSolution
		HideSolutionNode = FALSE
	EndGlobalSection
	GlobalSection(ExtensibilityGlobals) = postSolution
		SolutionGuid = {5085A430-FAF4-4FFF-86C2-119794B67075}
	EndGlobalSection
EndGlobal
